{
  "name": "news",
  "version": "1.0.0",
  "lockfileVersion": 1,
  "requires": true,
  "dependencies": {
    "materialize-css": {
      "version": "1.0.0-beta",
      "resolved": "https://registry.npmjs.org/materialize-css/-/materialize-css-1.0.0-beta.tgz",
      "integrity": "sha1-/nm7p/qnfSd1aLKQ4fdbDYxjWSY="
    },
    "workbox-sw": {
      "version": "3.0.0-beta.2",
      "resolved": "https://registry.npmjs.org/workbox-sw/-/workbox-sw-3.0.0-beta.2.tgz",
      "integrity": "sha512-zmGdgQmEiWqKjqVgnz4PTlzAQchnhNQ9kCcgnrffECeTQHOve65QM7lXkKPI+eq8g3HqyIW2lHigtCbSx13pLw=="
    }
  }
}
